# THIS IS AN AUTOGENERATED FILE. DO NOT EDIT THIS FILE DIRECTLY.
# yarn lockfile v1


"@prisma/client@^3.14.0":
  version "3.14.0"
  resolved "https://registry.yarnpkg.com/@prisma/client/-/client-3.14.0.tgz#bb90405c012fcca11f4647d91153ed4c58f3bd48"
  integrity sha512-atb41UpgTR1MCst0VIbiHTMw8lmXnwUvE1KyUCAkq08+wJyjRE78Due+nSf+7uwqQn+fBFYVmoojtinhlLOSaA==
  dependencies:
    "@prisma/engines-version" "3.14.0-36.2b0c12756921c891fec4f68d9444e18c7d5d4a6a"

"@prisma/engines-version@3.14.0-36.2b0c12756921c891fec4f68d9444e18c7d5d4a6a":
  version "3.14.0-36.2b0c12756921c891fec4f68d9444e18c7d5d4a6a"
  resolved "https://registry.npmjs.org/@prisma/engines-version/-/engines-version-3.14.0-36.2b0c12756921c891fec4f68d9444e18c7d5d4a6a.tgz"
  integrity sha512-D+yHzq4a2r2Rrd0ZOW/mTZbgDIkUkD8ofKgusEI1xPiZz60Daks+UM7Me2ty5FzH3p/TgyhBpRrfIHx+ha20RQ==

"@prisma/engines@3.14.0-36.2b0c12756921c891fec4f68d9444e18c7d5d4a6a":
  version "3.14.0-36.2b0c12756921c891fec4f68d9444e18c7d5d4a6a"
  resolved "https://registry.npmjs.org/@prisma/engines/-/engines-3.14.0-36.2b0c12756921c891fec4f68d9444e18c7d5d4a6a.tgz"
  integrity sha512-LwZvI3FY6f43xFjQNRuE10JM5R8vJzFTSmbV9X0Wuhv9kscLkjRlZt0BEoiHmO+2HA3B3xxbMfB5du7ZoSFXGg==

"@types/node@^17.0.36":
  version "17.0.36"
  resolved "https://registry.npmjs.org/@types/node/-/node-17.0.36.tgz"
  integrity sha512-V3orv+ggDsWVHP99K3JlwtH20R7J4IhI1Kksgc+64q5VxgfRkQG8Ws3MFm/FZOKDYGy9feGFlZ70/HpCNe9QaA==

prisma@^3.14.0:
  version "3.14.0"
  resolved "https://registry.npmjs.org/prisma/-/prisma-3.14.0.tgz"
  integrity sha512-l9MOgNCn/paDE+i1K2fp9NZ+Du4trzPTJsGkaQHVBufTGqzoYHuNk8JfzXuIn0Gte6/ZjyKj652Jq/Lc1tp2yw==
  dependencies:
    "@prisma/engines" "3.14.0-36.2b0c12756921c891fec4f68d9444e18c7d5d4a6a"
